// !$*UTF8*$!
{
	archiveVersion = 1;
	classes = {
	};
	objectVersion = 46;
	objects = {

/* Begin PBXBuildFile section */
		AE85161C1755D573005514C0 /* BAPickerBlockAdapter.m in Sources */ = {isa = PBXBuildFile; fileRef = AE85161B1755D573005514C0 /* BAPickerBlockAdapter.m */; };
		AE85161D1755D573005514C0 /* BAPickerBlockAdapter.m in Sources */ = {isa = PBXBuildFile; fileRef = AE85161B1755D573005514C0 /* BAPickerBlockAdapter.m */; };
		AEA176A71755ADBC00C7DA44 /* Foundation.framework in Frameworks */ = {isa = PBXBuildFile; fileRef = AE7CBBA11745BEE0000FCA37 /* Foundation.framework */; };
		AEA176AC1755ADBC00C7DA44 /* block_adapter_library_ios_non_arc.h in CopyFiles */ = {isa = PBXBuildFile; fileRef = AEA176AB1755ADBC00C7DA44 /* block_adapter_library_ios_non_arc.h */; };
		AEA176AE1755ADBC00C7DA44 /* block_adapter_library_ios_non_arc.m in Sources */ = {isa = PBXBuildFile; fileRef = AEA176AD1755ADBC00C7DA44 /* block_adapter_library_ios_non_arc.m */; };
		AEA176B21755ADC800C7DA44 /* BAAbstractAdapter.m in Sources */ = {isa = PBXBuildFile; fileRef = AE887B5A1749E9D900B82201 /* BAAbstractAdapter.m */; };
		AEA176B31755ADCB00C7DA44 /* BAActionSheetBlockAdapter.m in Sources */ = {isa = PBXBuildFile; fileRef = AE887B5C1749E9D900B82201 /* BAActionSheetBlockAdapter.m */; };
		AEA176B41755ADCD00C7DA44 /* BAAlertViewBlockAdapter.m in Sources */ = {isa = PBXBuildFile; fileRef = AE887B5E1749E9D900B82201 /* BAAlertViewBlockAdapter.m */; };
		AEA176B51755ADD100C7DA44 /* BABarButtonItemBlockAdapter.m in Sources */ = {isa = PBXBuildFile; fileRef = AE887B601749E9D900B82201 /* BABarButtonItemBlockAdapter.m */; };
		AEA176B61755ADD500C7DA44 /* BAButtonBlockAdapter.m in Sources */ = {isa = PBXBuildFile; fileRef = AE887B651749E9D900B82201 /* BAButtonBlockAdapter.m */; };
		AEA176B71755ADD800C7DA44 /* BATabBarBlockAdapter.m in Sources */ = {isa = PBXBuildFile; fileRef = AE887B671749E9D900B82201 /* BATabBarBlockAdapter.m */; };
		AEA176B81755ADDA00C7DA44 /* BATableViewBlockAdapter.m in Sources */ = {isa = PBXBuildFile; fileRef = AE887B691749E9D900B82201 /* BATableViewBlockAdapter.m */; };
		AEA176BE1755AEB400C7DA44 /* Foundation.framework in Frameworks */ = {isa = PBXBuildFile; fileRef = AE7CBBA11745BEE0000FCA37 /* Foundation.framework */; };
		AEA176C31755AEB500C7DA44 /* block_adapter_library_ios.h in CopyFiles */ = {isa = PBXBuildFile; fileRef = AEA176C21755AEB500C7DA44 /* block_adapter_library_ios.h */; };
		AEA176C51755AEB500C7DA44 /* block_adapter_library_ios.m in Sources */ = {isa = PBXBuildFile; fileRef = AEA176C41755AEB500C7DA44 /* block_adapter_library_ios.m */; };
		AEA176CE1755AF5B00C7DA44 /* UIKit.framework in Frameworks */ = {isa = PBXBuildFile; fileRef = AE7CBB9F1745BEE0000FCA37 /* UIKit.framework */; };
		AEA176CF1755AF5B00C7DA44 /* Foundation.framework in Frameworks */ = {isa = PBXBuildFile; fileRef = AE7CBBA11745BEE0000FCA37 /* Foundation.framework */; };
		AEA176D01755AF5B00C7DA44 /* CoreGraphics.framework in Frameworks */ = {isa = PBXBuildFile; fileRef = AE7CBBA31745BEE0000FCA37 /* CoreGraphics.framework */; };
		AEA176D61755AF5B00C7DA44 /* InfoPlist.strings in Resources */ = {isa = PBXBuildFile; fileRef = AEA176D41755AF5B00C7DA44 /* InfoPlist.strings */; };
		AEA177141755B2F900C7DA44 /* main.m in Sources */ = {isa = PBXBuildFile; fileRef = AE887B761749EA3900B82201 /* main.m */; };
		AEA177151755B2FD00C7DA44 /* BASamplesAppDelegate.m in Sources */ = {isa = PBXBuildFile; fileRef = AE887B751749EA3900B82201 /* BASamplesAppDelegate.m */; };
		AEA177161755B30500C7DA44 /* BAActionSheet.xib in Resources */ = {isa = PBXBuildFile; fileRef = AE887B791749EA3900B82201 /* BAActionSheet.xib */; };
		AEA177171755B30800C7DA44 /* BAActionSheetController.m in Sources */ = {isa = PBXBuildFile; fileRef = AE887B7B1749EA3900B82201 /* BAActionSheetController.m */; };
		AEA177181755B30C00C7DA44 /* BAActionSheetView.m in Sources */ = {isa = PBXBuildFile; fileRef = AE887B7D1749EA3900B82201 /* BAActionSheetView.m */; };
		AEA177191755B5BA00C7DA44 /* BAAlert.xib in Resources */ = {isa = PBXBuildFile; fileRef = AE887B7F1749EA3900B82201 /* BAAlert.xib */; };
		AEA1771A1755B5C000C7DA44 /* BABarButtonItem.xib in Resources */ = {isa = PBXBuildFile; fileRef = AE887B851749EA3900B82201 /* BABarButtonItem.xib */; };
		AEA1771B1755B5C500C7DA44 /* BAButton.xib in Resources */ = {isa = PBXBuildFile; fileRef = AE887B8B1749EA3900B82201 /* BAButton.xib */; };
		AEA1771C1755B5CA00C7DA44 /* BAInitial.xib in Resources */ = {isa = PBXBuildFile; fileRef = AE887B911749EA3900B82201 /* BAInitial.xib */; };
		AEA1771D1755B5D000C7DA44 /* BATableViewDelegate.xib in Resources */ = {isa = PBXBuildFile; fileRef = AE887B971749EA3900B82201 /* BATableViewDelegate.xib */; };
		AEA1771E1755B5D600C7DA44 /* BAAlertController.m in Sources */ = {isa = PBXBuildFile; fileRef = AE887B811749EA3900B82201 /* BAAlertController.m */; };
		AEA1771F1755B5DA00C7DA44 /* BAAlertView.m in Sources */ = {isa = PBXBuildFile; fileRef = AE887B831749EA3900B82201 /* BAAlertView.m */; };
		AEA177201755B63300C7DA44 /* BABarButtonItemController.m in Sources */ = {isa = PBXBuildFile; fileRef = AE887B871749EA3900B82201 /* BABarButtonItemController.m */; };
		AEA177211755B63700C7DA44 /* BABarButtonItemView.m in Sources */ = {isa = PBXBuildFile; fileRef = AE887B891749EA3900B82201 /* BABarButtonItemView.m */; };
		AEA177221755B65400C7DA44 /* BAButtonController.m in Sources */ = {isa = PBXBuildFile; fileRef = AE887B8D1749EA3900B82201 /* BAButtonController.m */; };
		AEA177231755B65800C7DA44 /* BAButtonView.m in Sources */ = {isa = PBXBuildFile; fileRef = AE887B8F1749EA3900B82201 /* BAButtonView.m */; };
		AEA177241755B67300C7DA44 /* BAInitialController.m in Sources */ = {isa = PBXBuildFile; fileRef = AE887B931749EA3900B82201 /* BAInitialController.m */; };
		AEA177251755B67C00C7DA44 /* BAInitialView.m in Sources */ = {isa = PBXBuildFile; fileRef = AE887B951749EA3900B82201 /* BAInitialView.m */; };
		AEA177281755B6F600C7DA44 /* libblock_adapter.library.ios.a in Frameworks */ = {isa = PBXBuildFile; fileRef = AEA176BD1755AEB400C7DA44 /* libblock_adapter.library.ios.a */; };
		AEA177291755B71600C7DA44 /* BAAbstractAdapter.m in Sources */ = {isa = PBXBuildFile; fileRef = AE887B5A1749E9D900B82201 /* BAAbstractAdapter.m */; };
		AEA1772A1755B71900C7DA44 /* BAActionSheetBlockAdapter.m in Sources */ = {isa = PBXBuildFile; fileRef = AE887B5C1749E9D900B82201 /* BAActionSheetBlockAdapter.m */; };
		AEA1772B1755B71C00C7DA44 /* BAAlertViewBlockAdapter.m in Sources */ = {isa = PBXBuildFile; fileRef = AE887B5E1749E9D900B82201 /* BAAlertViewBlockAdapter.m */; };
		AEA1772C1755B71F00C7DA44 /* BABarButtonItemBlockAdapter.m in Sources */ = {isa = PBXBuildFile; fileRef = AE887B601749E9D900B82201 /* BABarButtonItemBlockAdapter.m */; };
		AEA1772D1755B72400C7DA44 /* BAButtonBlockAdapter.m in Sources */ = {isa = PBXBuildFile; fileRef = AE887B651749E9D900B82201 /* BAButtonBlockAdapter.m */; };
		AEA1772E1755B72700C7DA44 /* BATabBarBlockAdapter.m in Sources */ = {isa = PBXBuildFile; fileRef = AE887B671749E9D900B82201 /* BATabBarBlockAdapter.m */; };
		AEA1772F1755B72A00C7DA44 /* BATableViewBlockAdapter.m in Sources */ = {isa = PBXBuildFile; fileRef = AE887B691749E9D900B82201 /* BATableViewBlockAdapter.m */; };
		AEA177301755B78D00C7DA44 /* BATableViewDelegateController.m in Sources */ = {isa = PBXBuildFile; fileRef = AE887B991749EA3900B82201 /* BATableViewDelegateController.m */; };
		AEA177311755B78F00C7DA44 /* BATableViewDelegateView.m in Sources */ = {isa = PBXBuildFile; fileRef = AE887B9B1749EA3900B82201 /* BATableViewDelegateView.m */; };
		AEA177331755B83E00C7DA44 /* libjsonbroker.library.ios.a in Frameworks */ = {isa = PBXBuildFile; fileRef = AEA177321755B83D00C7DA44 /* libjsonbroker.library.ios.a */; };
		AEA177391755BA3900C7DA44 /* UIKit.framework in Frameworks */ = {isa = PBXBuildFile; fileRef = AE7CBB9F1745BEE0000FCA37 /* UIKit.framework */; };
		AEA1773A1755BA3900C7DA44 /* Foundation.framework in Frameworks */ = {isa = PBXBuildFile; fileRef = AE7CBBA11745BEE0000FCA37 /* Foundation.framework */; };
		AEA1773B1755BA3900C7DA44 /* CoreGraphics.framework in Frameworks */ = {isa = PBXBuildFile; fileRef = AE7CBBA31745BEE0000FCA37 /* CoreGraphics.framework */; };
		AEA177411755BA3900C7DA44 /* InfoPlist.strings in Resources */ = {isa = PBXBuildFile; fileRef = AEA1773F1755BA3900C7DA44 /* InfoPlist.strings */; };
		AEA177491755BA3900C7DA44 /* Default.png in Resources */ = {isa = PBXBuildFile; fileRef = AEA177481755BA3900C7DA44 /* Default.png */; };
		AEA1774B1755BA3900C7DA44 /* Default@2x.png in Resources */ = {isa = PBXBuildFile; fileRef = AEA1774A1755BA3900C7DA44 /* Default@2x.png */; };
		AEA1774D1755BA3900C7DA44 /* Default-568h@2x.png in Resources */ = {isa = PBXBuildFile; fileRef = AEA1774C1755BA3900C7DA44 /* Default-568h@2x.png */; };
		AEA177511755BAAA00C7DA44 /* BASamplesAppDelegate.m in Sources */ = {isa = PBXBuildFile; fileRef = AE887B751749EA3900B82201 /* BASamplesAppDelegate.m */; };
		AEA177521755BAAD00C7DA44 /* main.m in Sources */ = {isa = PBXBuildFile; fileRef = AE887B761749EA3900B82201 /* main.m */; };
		AEA177531755BAB500C7DA44 /* BAActionSheet.xib in Resources */ = {isa = PBXBuildFile; fileRef = AE887B791749EA3900B82201 /* BAActionSheet.xib */; };
		AEA177541755BAB500C7DA44 /* BAActionSheetController.m in Sources */ = {isa = PBXBuildFile; fileRef = AE887B7B1749EA3900B82201 /* BAActionSheetController.m */; };
		AEA177551755BAB500C7DA44 /* BAActionSheetView.m in Sources */ = {isa = PBXBuildFile; fileRef = AE887B7D1749EA3900B82201 /* BAActionSheetView.m */; };
		AEA177561755BABC00C7DA44 /* BATableViewDelegate.xib in Resources */ = {isa = PBXBuildFile; fileRef = AE887B971749EA3900B82201 /* BATableViewDelegate.xib */; };
		AEA177571755BABC00C7DA44 /* BATableViewDelegateController.m in Sources */ = {isa = PBXBuildFile; fileRef = AE887B991749EA3900B82201 /* BATableViewDelegateController.m */; };
		AEA177581755BABC00C7DA44 /* BATableViewDelegateView.m in Sources */ = {isa = PBXBuildFile; fileRef = AE887B9B1749EA3900B82201 /* BATableViewDelegateView.m */; };
		AEA177591755BAC100C7DA44 /* BAInitial.xib in Resources */ = {isa = PBXBuildFile; fileRef = AE887B911749EA3900B82201 /* BAInitial.xib */; };
		AEA1775A1755BAC100C7DA44 /* BAInitialController.m in Sources */ = {isa = PBXBuildFile; fileRef = AE887B931749EA3900B82201 /* BAInitialController.m */; };
		AEA1775B1755BAC100C7DA44 /* BAInitialView.m in Sources */ = {isa = PBXBuildFile; fileRef = AE887B951749EA3900B82201 /* BAInitialView.m */; };
		AEA1775C1755BAC700C7DA44 /* BAButton.xib in Resources */ = {isa = PBXBuildFile; fileRef = AE887B8B1749EA3900B82201 /* BAButton.xib */; };
		AEA1775D1755BAC700C7DA44 /* BAButtonController.m in Sources */ = {isa = PBXBuildFile; fileRef = AE887B8D1749EA3900B82201 /* BAButtonController.m */; };
		AEA1775E1755BAC700C7DA44 /* BAButtonView.m in Sources */ = {isa = PBXBuildFile; fileRef = AE887B8F1749EA3900B82201 /* BAButtonView.m */; };
		AEA1775F1755BAD800C7DA44 /* BABarButtonItem.xib in Resources */ = {isa = PBXBuildFile; fileRef = AE887B851749EA3900B82201 /* BABarButtonItem.xib */; };
		AEA177601755BAD800C7DA44 /* BABarButtonItemController.m in Sources */ = {isa = PBXBuildFile; fileRef = AE887B871749EA3900B82201 /* BABarButtonItemController.m */; };
		AEA177611755BAD800C7DA44 /* BABarButtonItemView.m in Sources */ = {isa = PBXBuildFile; fileRef = AE887B891749EA3900B82201 /* BABarButtonItemView.m */; };
		AEA177621755BADE00C7DA44 /* BAAlert.xib in Resources */ = {isa = PBXBuildFile; fileRef = AE887B7F1749EA3900B82201 /* BAAlert.xib */; };
		AEA177631755BADE00C7DA44 /* BAAlertController.m in Sources */ = {isa = PBXBuildFile; fileRef = AE887B811749EA3900B82201 /* BAAlertController.m */; };
		AEA177641755BADE00C7DA44 /* BAAlertView.m in Sources */ = {isa = PBXBuildFile; fileRef = AE887B831749EA3900B82201 /* BAAlertView.m */; };
		AEA177661755BB2500C7DA44 /* libjsonbroker.library.ios.a in Frameworks */ = {isa = PBXBuildFile; fileRef = AEA177651755BB2500C7DA44 /* libjsonbroker.library.ios.a */; };
		AEA177671755BB2E00C7DA44 /* libblock_adapter.library.ios.non_arc.a in Frameworks */ = {isa = PBXBuildFile; fileRef = AEA176A61755ADBC00C7DA44 /* libblock_adapter.library.ios.non_arc.a */; };
		AEA1776B1755BD1C00C7DA44 /* BAPickerController.m in Sources */ = {isa = PBXBuildFile; fileRef = AEA1776A1755BD1C00C7DA44 /* BAPickerController.m */; };
		AEA1776C1755BD1C00C7DA44 /* BAPickerController.m in Sources */ = {isa = PBXBuildFile; fileRef = AEA1776A1755BD1C00C7DA44 /* BAPickerController.m */; };
		AEA1776F1755BD2B00C7DA44 /* BAPickerView.m in Sources */ = {isa = PBXBuildFile; fileRef = AEA1776E1755BD2B00C7DA44 /* BAPickerView.m */; };
		AEA177701755BD2B00C7DA44 /* BAPickerView.m in Sources */ = {isa = PBXBuildFile; fileRef = AEA1776E1755BD2B00C7DA44 /* BAPickerView.m */; };
		AEA177721755BE1100C7DA44 /* BAPicker.xib in Resources */ = {isa = PBXBuildFile; fileRef = AEA177711755BE1100C7DA44 /* BAPicker.xib */; };
		AEA177731755BE1100C7DA44 /* BAPicker.xib in Resources */ = {isa = PBXBuildFile; fileRef = AEA177711755BE1100C7DA44 /* BAPicker.xib */; };
/* End PBXBuildFile section */

/* Begin PBXCopyFilesBuildPhase section */
		AEA176A41755ADBC00C7DA44 /* CopyFiles */ = {
			isa = PBXCopyFilesBuildPhase;
			buildActionMask = 2147483647;
			dstPath = "include/${PRODUCT_NAME}";
			dstSubfolderSpec = 16;
			files = (
				AEA176AC1755ADBC00C7DA44 /* block_adapter_library_ios_non_arc.h in CopyFiles */,
			);
			runOnlyForDeploymentPostprocessing = 0;
		};
		AEA176BB1755AEB400C7DA44 /* CopyFiles */ = {
			isa = PBXCopyFilesBuildPhase;
			buildActionMask = 2147483647;
			dstPath = "include/${PRODUCT_NAME}";
			dstSubfolderSpec = 16;
			files = (
				AEA176C31755AEB500C7DA44 /* block_adapter_library_ios.h in CopyFiles */,
			);
			runOnlyForDeploymentPostprocessing = 0;
		};
/* End PBXCopyFilesBuildPhase section */

/* Begin PBXFileReference section */
		AE7CBB9F1745BEE0000FCA37 /* UIKit.framework */ = {isa = PBXFileReference; lastKnownFileType = wrapper.framework; name = UIKit.framework; path = Library/Frameworks/UIKit.framework; sourceTree = DEVELOPER_DIR; };
		AE7CBBA11745BEE0000FCA37 /* Foundation.framework */ = {isa = PBXFileReference; lastKnownFileType = wrapper.framework; name = Foundation.framework; path = Library/Frameworks/Foundation.framework; sourceTree = DEVELOPER_DIR; };
		AE7CBBA31745BEE0000FCA37 /* CoreGraphics.framework */ = {isa = PBXFileReference; lastKnownFileType = wrapper.framework; name = CoreGraphics.framework; path = Library/Frameworks/CoreGraphics.framework; sourceTree = DEVELOPER_DIR; };
		AE85161A1755D573005514C0 /* BAPickerBlockAdapter.h */ = {isa = PBXFileReference; fileEncoding = 4; lastKnownFileType = sourcecode.c.h; path = BAPickerBlockAdapter.h; sourceTree = "<group>"; };
		AE85161B1755D573005514C0 /* BAPickerBlockAdapter.m */ = {isa = PBXFileReference; fileEncoding = 4; lastKnownFileType = sourcecode.c.objc; path = BAPickerBlockAdapter.m; sourceTree = "<group>"; };
		AE887B591749E9D900B82201 /* BAAbstractAdapter.h */ = {isa = PBXFileReference; fileEncoding = 4; lastKnownFileType = sourcecode.c.h; path = BAAbstractAdapter.h; sourceTree = "<group>"; };
		AE887B5A1749E9D900B82201 /* BAAbstractAdapter.m */ = {isa = PBXFileReference; fileEncoding = 4; lastKnownFileType = sourcecode.c.objc; path = BAAbstractAdapter.m; sourceTree = "<group>"; };
		AE887B5B1749E9D900B82201 /* BAActionSheetBlockAdapter.h */ = {isa = PBXFileReference; fileEncoding = 4; lastKnownFileType = sourcecode.c.h; path = BAActionSheetBlockAdapter.h; sourceTree = "<group>"; };
		AE887B5C1749E9D900B82201 /* BAActionSheetBlockAdapter.m */ = {isa = PBXFileReference; fileEncoding = 4; lastKnownFileType = sourcecode.c.objc; path = BAActionSheetBlockAdapter.m; sourceTree = "<group>"; };
		AE887B5D1749E9D900B82201 /* BAAlertViewBlockAdapter.h */ = {isa = PBXFileReference; fileEncoding = 4; lastKnownFileType = sourcecode.c.h; path = BAAlertViewBlockAdapter.h; sourceTree = "<group>"; };
		AE887B5E1749E9D900B82201 /* BAAlertViewBlockAdapter.m */ = {isa = PBXFileReference; fileEncoding = 4; lastKnownFileType = sourcecode.c.objc; path = BAAlertViewBlockAdapter.m; sourceTree = "<group>"; };
		AE887B5F1749E9D900B82201 /* BABarButtonItemBlockAdapter.h */ = {isa = PBXFileReference; fileEncoding = 4; lastKnownFileType = sourcecode.c.h; path = BABarButtonItemBlockAdapter.h; sourceTree = "<group>"; };
		AE887B601749E9D900B82201 /* BABarButtonItemBlockAdapter.m */ = {isa = PBXFileReference; fileEncoding = 4; lastKnownFileType = sourcecode.c.objc; path = BABarButtonItemBlockAdapter.m; sourceTree = "<group>"; };
		AE887B641749E9D900B82201 /* BAButtonBlockAdapter.h */ = {isa = PBXFileReference; fileEncoding = 4; lastKnownFileType = sourcecode.c.h; path = BAButtonBlockAdapter.h; sourceTree = "<group>"; };
		AE887B651749E9D900B82201 /* BAButtonBlockAdapter.m */ = {isa = PBXFileReference; fileEncoding = 4; lastKnownFileType = sourcecode.c.objc; path = BAButtonBlockAdapter.m; sourceTree = "<group>"; };
		AE887B661749E9D900B82201 /* BATabBarBlockAdapter.h */ = {isa = PBXFileReference; fileEncoding = 4; lastKnownFileType = sourcecode.c.h; path = BATabBarBlockAdapter.h; sourceTree = "<group>"; };
		AE887B671749E9D900B82201 /* BATabBarBlockAdapter.m */ = {isa = PBXFileReference; fileEncoding = 4; lastKnownFileType = sourcecode.c.objc; path = BATabBarBlockAdapter.m; sourceTree = "<group>"; };
		AE887B681749E9D900B82201 /* BATableViewBlockAdapter.h */ = {isa = PBXFileReference; fileEncoding = 4; lastKnownFileType = sourcecode.c.h; path = BATableViewBlockAdapter.h; sourceTree = "<group>"; };
		AE887B691749E9D900B82201 /* BATableViewBlockAdapter.m */ = {isa = PBXFileReference; fileEncoding = 4; lastKnownFileType = sourcecode.c.objc; path = BATableViewBlockAdapter.m; sourceTree = "<group>"; };
		AE887B741749EA3900B82201 /* BASamplesAppDelegate.h */ = {isa = PBXFileReference; fileEncoding = 4; lastKnownFileType = sourcecode.c.h; path = BASamplesAppDelegate.h; sourceTree = "<group>"; };
		AE887B751749EA3900B82201 /* BASamplesAppDelegate.m */ = {isa = PBXFileReference; fileEncoding = 4; lastKnownFileType = sourcecode.c.objc; path = BASamplesAppDelegate.m; sourceTree = "<group>"; };
		AE887B761749EA3900B82201 /* main.m */ = {isa = PBXFileReference; fileEncoding = 4; lastKnownFileType = sourcecode.c.objc; path = main.m; sourceTree = "<group>"; };
		AE887B791749EA3900B82201 /* BAActionSheet.xib */ = {isa = PBXFileReference; fileEncoding = 4; lastKnownFileType = file.xib; path = BAActionSheet.xib; sourceTree = "<group>"; };
		AE887B7A1749EA3900B82201 /* BAActionSheetController.h */ = {isa = PBXFileReference; fileEncoding = 4; lastKnownFileType = sourcecode.c.h; path = BAActionSheetController.h; sourceTree = "<group>"; };
		AE887B7B1749EA3900B82201 /* BAActionSheetController.m */ = {isa = PBXFileReference; fileEncoding = 4; lastKnownFileType = sourcecode.c.objc; path = BAActionSheetController.m; sourceTree = "<group>"; };
		AE887B7C1749EA3900B82201 /* BAActionSheetView.h */ = {isa = PBXFileReference; fileEncoding = 4; lastKnownFileType = sourcecode.c.h; path = BAActionSheetView.h; sourceTree = "<group>"; };
		AE887B7D1749EA3900B82201 /* BAActionSheetView.m */ = {isa = PBXFileReference; fileEncoding = 4; lastKnownFileType = sourcecode.c.objc; path = BAActionSheetView.m; sourceTree = "<group>"; };
		AE887B7F1749EA3900B82201 /* BAAlert.xib */ = {isa = PBXFileReference; fileEncoding = 4; lastKnownFileType = file.xib; path = BAAlert.xib; sourceTree = "<group>"; };
		AE887B801749EA3900B82201 /* BAAlertController.h */ = {isa = PBXFileReference; fileEncoding = 4; lastKnownFileType = sourcecode.c.h; path = BAAlertController.h; sourceTree = "<group>"; };
		AE887B811749EA3900B82201 /* BAAlertController.m */ = {isa = PBXFileReference; fileEncoding = 4; lastKnownFileType = sourcecode.c.objc; path = BAAlertController.m; sourceTree = "<group>"; };
		AE887B821749EA3900B82201 /* BAAlertView.h */ = {isa = PBXFileReference; fileEncoding = 4; lastKnownFileType = sourcecode.c.h; path = BAAlertView.h; sourceTree = "<group>"; };
		AE887B831749EA3900B82201 /* BAAlertView.m */ = {isa = PBXFileReference; fileEncoding = 4; lastKnownFileType = sourcecode.c.objc; path = BAAlertView.m; sourceTree = "<group>"; };
		AE887B851749EA3900B82201 /* BABarButtonItem.xib */ = {isa = PBXFileReference; fileEncoding = 4; lastKnownFileType = file.xib; path = BABarButtonItem.xib; sourceTree = "<group>"; };
		AE887B861749EA3900B82201 /* BABarButtonItemController.h */ = {isa = PBXFileReference; fileEncoding = 4; lastKnownFileType = sourcecode.c.h; path = BABarButtonItemController.h; sourceTree = "<group>"; };
		AE887B871749EA3900B82201 /* BABarButtonItemController.m */ = {isa = PBXFileReference; fileEncoding = 4; lastKnownFileType = sourcecode.c.objc; path = BABarButtonItemController.m; sourceTree = "<group>"; };
		AE887B881749EA3900B82201 /* BABarButtonItemView.h */ = {isa = PBXFileReference; fileEncoding = 4; lastKnownFileType = sourcecode.c.h; path = BABarButtonItemView.h; sourceTree = "<group>"; };
		AE887B891749EA3900B82201 /* BABarButtonItemView.m */ = {isa = PBXFileReference; fileEncoding = 4; lastKnownFileType = sourcecode.c.objc; path = BABarButtonItemView.m; sourceTree = "<group>"; };
		AE887B8B1749EA3900B82201 /* BAButton.xib */ = {isa = PBXFileReference; fileEncoding = 4; lastKnownFileType = file.xib; path = BAButton.xib; sourceTree = "<group>"; };
		AE887B8C1749EA3900B82201 /* BAButtonController.h */ = {isa = PBXFileReference; fileEncoding = 4; lastKnownFileType = sourcecode.c.h; path = BAButtonController.h; sourceTree = "<group>"; };
		AE887B8D1749EA3900B82201 /* BAButtonController.m */ = {isa = PBXFileReference; fileEncoding = 4; lastKnownFileType = sourcecode.c.objc; path = BAButtonController.m; sourceTree = "<group>"; };
		AE887B8E1749EA3900B82201 /* BAButtonView.h */ = {isa = PBXFileReference; fileEncoding = 4; lastKnownFileType = sourcecode.c.h; path = BAButtonView.h; sourceTree = "<group>"; };
		AE887B8F1749EA3900B82201 /* BAButtonView.m */ = {isa = PBXFileReference; fileEncoding = 4; lastKnownFileType = sourcecode.c.objc; path = BAButtonView.m; sourceTree = "<group>"; };
		AE887B911749EA3900B82201 /* BAInitial.xib */ = {isa = PBXFileReference; fileEncoding = 4; lastKnownFileType = file.xib; path = BAInitial.xib; sourceTree = "<group>"; };
		AE887B921749EA3900B82201 /* BAInitialController.h */ = {isa = PBXFileReference; fileEncoding = 4; lastKnownFileType = sourcecode.c.h; path = BAInitialController.h; sourceTree = "<group>"; };
		AE887B931749EA3900B82201 /* BAInitialController.m */ = {isa = PBXFileReference; fileEncoding = 4; lastKnownFileType = sourcecode.c.objc; path = BAInitialController.m; sourceTree = "<group>"; };
		AE887B941749EA3900B82201 /* BAInitialView.h */ = {isa = PBXFileReference; fileEncoding = 4; lastKnownFileType = sourcecode.c.h; path = BAInitialView.h; sourceTree = "<group>"; };
		AE887B951749EA3900B82201 /* BAInitialView.m */ = {isa = PBXFileReference; fileEncoding = 4; lastKnownFileType = sourcecode.c.objc; path = BAInitialView.m; sourceTree = "<group>"; };
		AE887B971749EA3900B82201 /* BATableViewDelegate.xib */ = {isa = PBXFileReference; fileEncoding = 4; lastKnownFileType = file.xib; path = BATableViewDelegate.xib; sourceTree = "<group>"; };
		AE887B981749EA3900B82201 /* BATableViewDelegateController.h */ = {isa = PBXFileReference; fileEncoding = 4; lastKnownFileType = sourcecode.c.h; path = BATableViewDelegateController.h; sourceTree = "<group>"; };
		AE887B991749EA3900B82201 /* BATableViewDelegateController.m */ = {isa = PBXFileReference; fileEncoding = 4; lastKnownFileType = sourcecode.c.objc; path = BATableViewDelegateController.m; sourceTree = "<group>"; };
		AE887B9A1749EA3900B82201 /* BATableViewDelegateView.h */ = {isa = PBXFileReference; fileEncoding = 4; lastKnownFileType = sourcecode.c.h; path = BATableViewDelegateView.h; sourceTree = "<group>"; };
		AE887B9B1749EA3900B82201 /* BATableViewDelegateView.m */ = {isa = PBXFileReference; fileEncoding = 4; lastKnownFileType = sourcecode.c.objc; path = BATableViewDelegateView.m; sourceTree = "<group>"; };
		AEA176A61755ADBC00C7DA44 /* libblock_adapter.library.ios.non_arc.a */ = {isa = PBXFileReference; explicitFileType = archive.ar; includeInIndex = 0; path = libblock_adapter.library.ios.non_arc.a; sourceTree = BUILT_PRODUCTS_DIR; };
		AEA176AA1755ADBC00C7DA44 /* block_adapter.library.ios.non_arc-Prefix.pch */ = {isa = PBXFileReference; lastKnownFileType = sourcecode.c.h; path = "block_adapter.library.ios.non_arc-Prefix.pch"; sourceTree = "<group>"; };
		AEA176AB1755ADBC00C7DA44 /* block_adapter_library_ios_non_arc.h */ = {isa = PBXFileReference; lastKnownFileType = sourcecode.c.h; path = block_adapter_library_ios_non_arc.h; sourceTree = "<group>"; };
		AEA176AD1755ADBC00C7DA44 /* block_adapter_library_ios_non_arc.m */ = {isa = PBXFileReference; lastKnownFileType = sourcecode.c.objc; path = block_adapter_library_ios_non_arc.m; sourceTree = "<group>"; };
		AEA176BD1755AEB400C7DA44 /* libblock_adapter.library.ios.a */ = {isa = PBXFileReference; explicitFileType = archive.ar; includeInIndex = 0; path = libblock_adapter.library.ios.a; sourceTree = BUILT_PRODUCTS_DIR; };
		AEA176C11755AEB500C7DA44 /* block_adapter.library.ios-Prefix.pch */ = {isa = PBXFileReference; lastKnownFileType = sourcecode.c.h; path = "block_adapter.library.ios-Prefix.pch"; sourceTree = "<group>"; };
		AEA176C21755AEB500C7DA44 /* block_adapter_library_ios.h */ = {isa = PBXFileReference; lastKnownFileType = sourcecode.c.h; path = block_adapter_library_ios.h; sourceTree = "<group>"; };
		AEA176C41755AEB500C7DA44 /* block_adapter_library_ios.m */ = {isa = PBXFileReference; lastKnownFileType = sourcecode.c.objc; path = block_adapter_library_ios.m; sourceTree = "<group>"; };
		AEA176CD1755AF5B00C7DA44 /* block_adapter.samples.ios.app */ = {isa = PBXFileReference; explicitFileType = wrapper.application; includeInIndex = 0; path = block_adapter.samples.ios.app; sourceTree = BUILT_PRODUCTS_DIR; };
		AEA176D31755AF5B00C7DA44 /* block_adapter.samples.ios-Info.plist */ = {isa = PBXFileReference; lastKnownFileType = text.plist.xml; path = "block_adapter.samples.ios-Info.plist"; sourceTree = "<group>"; };
		AEA176D51755AF5B00C7DA44 /* en */ = {isa = PBXFileReference; lastKnownFileType = text.plist.strings; name = en; path = en.lproj/InfoPlist.strings; sourceTree = "<group>"; };
		AEA176D91755AF5B00C7DA44 /* block_adapter.samples.ios-Prefix.pch */ = {isa = PBXFileReference; lastKnownFileType = sourcecode.c.h; path = "block_adapter.samples.ios-Prefix.pch"; sourceTree = "<group>"; };
		AEA177321755B83D00C7DA44 /* libjsonbroker.library.ios.a */ = {isa = PBXFileReference; lastKnownFileType = archive.ar; name = libjsonbroker.library.ios.a; path = "../jsonbroker/build/Release-iphoneos/libjsonbroker.library.ios.a"; sourceTree = "<group>"; };
		AEA177381755BA3900C7DA44 /* block_adapter.samples.ios.non_arc.app */ = {isa = PBXFileReference; explicitFileType = wrapper.application; includeInIndex = 0; path = block_adapter.samples.ios.non_arc.app; sourceTree = BUILT_PRODUCTS_DIR; };
		AEA1773E1755BA3900C7DA44 /* block_adapter.samples.ios.non_arc-Info.plist */ = {isa = PBXFileReference; lastKnownFileType = text.plist.xml; path = "block_adapter.samples.ios.non_arc-Info.plist"; sourceTree = "<group>"; };
		AEA177401755BA3900C7DA44 /* en */ = {isa = PBXFileReference; lastKnownFileType = text.plist.strings; name = en; path = en.lproj/InfoPlist.strings; sourceTree = "<group>"; };
		AEA177441755BA3900C7DA44 /* block_adapter.samples.ios.non_arc-Prefix.pch */ = {isa = PBXFileReference; lastKnownFileType = sourcecode.c.h; path = "block_adapter.samples.ios.non_arc-Prefix.pch"; sourceTree = "<group>"; };
		AEA177481755BA3900C7DA44 /* Default.png */ = {isa = PBXFileReference; lastKnownFileType = image.png; path = Default.png; sourceTree = "<group>"; };
		AEA1774A1755BA3900C7DA44 /* Default@2x.png */ = {isa = PBXFileReference; lastKnownFileType = image.png; path = "Default@2x.png"; sourceTree = "<group>"; };
		AEA1774C1755BA3900C7DA44 /* Default-568h@2x.png */ = {isa = PBXFileReference; lastKnownFileType = image.png; path = "Default-568h@2x.png"; sourceTree = "<group>"; };
		AEA177651755BB2500C7DA44 /* libjsonbroker.library.ios.a */ = {isa = PBXFileReference; lastKnownFileType = archive.ar; name = libjsonbroker.library.ios.a; path = "../jsonbroker/build/Release-iphoneos/libjsonbroker.library.ios.a"; sourceTree = "<group>"; };
		AEA177691755BD1C00C7DA44 /* BAPickerController.h */ = {isa = PBXFileReference; fileEncoding = 4; lastKnownFileType = sourcecode.c.h; path = BAPickerController.h; sourceTree = "<group>"; };
		AEA1776A1755BD1C00C7DA44 /* BAPickerController.m */ = {isa = PBXFileReference; fileEncoding = 4; lastKnownFileType = sourcecode.c.objc; path = BAPickerController.m; sourceTree = "<group>"; };
		AEA1776D1755BD2B00C7DA44 /* BAPickerView.h */ = {isa = PBXFileReference; fileEncoding = 4; lastKnownFileType = sourcecode.c.h; path = BAPickerView.h; sourceTree = "<group>"; };
		AEA1776E1755BD2B00C7DA44 /* BAPickerView.m */ = {isa = PBXFileReference; fileEncoding = 4; lastKnownFileType = sourcecode.c.objc; path = BAPickerView.m; sourceTree = "<group>"; };
		AEA177711755BE1100C7DA44 /* BAPicker.xib */ = {isa = PBXFileReference; fileEncoding = 4; lastKnownFileType = file.xib; path = BAPicker.xib; sourceTree = "<group>"; };
/* End PBXFileReference section */

/* Begin PBXFrameworksBuildPhase section */
		AEA176A31755ADBC00C7DA44 /* Frameworks */ = {
			isa = PBXFrameworksBuildPhase;
			buildActionMask = 2147483647;
			files = (
				AEA176A71755ADBC00C7DA44 /* Foundation.framework in Frameworks */,
			);
			runOnlyForDeploymentPostprocessing = 0;
		};
		AEA176BA1755AEB400C7DA44 /* Frameworks */ = {
			isa = PBXFrameworksBuildPhase;
			buildActionMask = 2147483647;
			files = (
				AEA176BE1755AEB400C7DA44 /* Foundation.framework in Frameworks */,
			);
			runOnlyForDeploymentPostprocessing = 0;
		};
		AEA176CA1755AF5B00C7DA44 /* Frameworks */ = {
			isa = PBXFrameworksBuildPhase;
			buildActionMask = 2147483647;
			files = (
				AEA177331755B83E00C7DA44 /* libjsonbroker.library.ios.a in Frameworks */,
				AEA177281755B6F600C7DA44 /* libblock_adapter.library.ios.a in Frameworks */,
				AEA176CE1755AF5B00C7DA44 /* UIKit.framework in Frameworks */,
				AEA176CF1755AF5B00C7DA44 /* Foundation.framework in Frameworks */,
				AEA176D01755AF5B00C7DA44 /* CoreGraphics.framework in Frameworks */,
			);
			runOnlyForDeploymentPostprocessing = 0;
		};
		AEA177351755BA3900C7DA44 /* Frameworks */ = {
			isa = PBXFrameworksBuildPhase;
			buildActionMask = 2147483647;
			files = (
				AEA177671755BB2E00C7DA44 /* libblock_adapter.library.ios.non_arc.a in Frameworks */,
				AEA177661755BB2500C7DA44 /* libjsonbroker.library.ios.a in Frameworks */,
				AEA177391755BA3900C7DA44 /* UIKit.framework in Frameworks */,
				AEA1773A1755BA3900C7DA44 /* Foundation.framework in Frameworks */,
				AEA1773B1755BA3900C7DA44 /* CoreGraphics.framework in Frameworks */,
			);
			runOnlyForDeploymentPostprocessing = 0;
		};
/* End PBXFrameworksBuildPhase section */

/* Begin PBXGroup section */
		AE7CBB911745BE5B000FCA37 = {
			isa = PBXGroup;
			children = (
				AE7CBBBA1745BF52000FCA37 /* src */,
				AEA176BF1755AEB500C7DA44 /* block_adapter.library.ios */,
				AEA176A81755ADBC00C7DA44 /* block_adapter.library.ios.non_arc */,
				AEA176D11755AF5B00C7DA44 /* block_adapter.samples.ios */,
				AEA1773C1755BA3900C7DA44 /* block_adapter.samples.ios.non_arc */,
				AE7CBB9E1745BEE0000FCA37 /* Frameworks */,
				AE7CBB9D1745BEE0000FCA37 /* Products */,
			);
			sourceTree = "<group>";
		};
		AE7CBB9D1745BEE0000FCA37 /* Products */ = {
			isa = PBXGroup;
			children = (
				AEA176A61755ADBC00C7DA44 /* libblock_adapter.library.ios.non_arc.a */,
				AEA176BD1755AEB400C7DA44 /* libblock_adapter.library.ios.a */,
				AEA176CD1755AF5B00C7DA44 /* block_adapter.samples.ios.app */,
				AEA177381755BA3900C7DA44 /* block_adapter.samples.ios.non_arc.app */,
			);
			name = Products;
			sourceTree = "<group>";
		};
		AE7CBB9E1745BEE0000FCA37 /* Frameworks */ = {
			isa = PBXGroup;
			children = (
				AEA177651755BB2500C7DA44 /* libjsonbroker.library.ios.a */,
				AEA177321755B83D00C7DA44 /* libjsonbroker.library.ios.a */,
				AE7CBB9F1745BEE0000FCA37 /* UIKit.framework */,
				AE7CBBA11745BEE0000FCA37 /* Foundation.framework */,
				AE7CBBA31745BEE0000FCA37 /* CoreGraphics.framework */,
			);
			name = Frameworks;
			sourceTree = "<group>";
		};
		AE7CBBBA1745BF52000FCA37 /* src */ = {
			isa = PBXGroup;
			children = (
				AE887B481749E95000B82201 /* block_adapter.library.ios */,
				AE887B721749EA3900B82201 /* block_adapter.samples.ios */,
			);
			path = src;
			sourceTree = "<group>";
		};
		AE887B481749E95000B82201 /* block_adapter.library.ios */ = {
			isa = PBXGroup;
			children = (
				AE887B591749E9D900B82201 /* BAAbstractAdapter.h */,
				AE887B5A1749E9D900B82201 /* BAAbstractAdapter.m */,
				AE887B5B1749E9D900B82201 /* BAActionSheetBlockAdapter.h */,
				AE887B5C1749E9D900B82201 /* BAActionSheetBlockAdapter.m */,
				AE887B5D1749E9D900B82201 /* BAAlertViewBlockAdapter.h */,
				AE887B5E1749E9D900B82201 /* BAAlertViewBlockAdapter.m */,
				AE887B5F1749E9D900B82201 /* BABarButtonItemBlockAdapter.h */,
				AE887B601749E9D900B82201 /* BABarButtonItemBlockAdapter.m */,
				AE887B641749E9D900B82201 /* BAButtonBlockAdapter.h */,
				AE887B651749E9D900B82201 /* BAButtonBlockAdapter.m */,
				AE85161A1755D573005514C0 /* BAPickerBlockAdapter.h */,
				AE85161B1755D573005514C0 /* BAPickerBlockAdapter.m */,
				AE887B661749E9D900B82201 /* BATabBarBlockAdapter.h */,
				AE887B671749E9D900B82201 /* BATabBarBlockAdapter.m */,
				AE887B681749E9D900B82201 /* BATableViewBlockAdapter.h */,
				AE887B691749E9D900B82201 /* BATableViewBlockAdapter.m */,
			);
			path = block_adapter.library.ios;
			sourceTree = "<group>";
		};
		AE887B721749EA3900B82201 /* block_adapter.samples.ios */ = {
			isa = PBXGroup;
			children = (
				AE887B731749EA3900B82201 /* main */,
				AE887B771749EA3900B82201 /* screen */,
			);
			path = block_adapter.samples.ios;
			sourceTree = "<group>";
		};
		AE887B731749EA3900B82201 /* main */ = {
			isa = PBXGroup;
			children = (
				AE887B741749EA3900B82201 /* BASamplesAppDelegate.h */,
				AE887B751749EA3900B82201 /* BASamplesAppDelegate.m */,
				AE887B761749EA3900B82201 /* main.m */,
			);
			path = main;
			sourceTree = "<group>";
		};
		AE887B771749EA3900B82201 /* screen */ = {
			isa = PBXGroup;
			children = (
				AE887B781749EA3900B82201 /* action_sheet */,
				AE887B7E1749EA3900B82201 /* alert */,
				AE887B841749EA3900B82201 /* bar_button_item */,
				AE887B8A1749EA3900B82201 /* button */,
				AE887B901749EA3900B82201 /* initial */,
				AEA177681755BC9200C7DA44 /* picker */,
				AE887B961749EA3900B82201 /* table_view_delegate */,
			);
			path = screen;
			sourceTree = "<group>";
		};
		AE887B781749EA3900B82201 /* action_sheet */ = {
			isa = PBXGroup;
			children = (
				AE887B791749EA3900B82201 /* BAActionSheet.xib */,
				AE887B7A1749EA3900B82201 /* BAActionSheetController.h */,
				AE887B7B1749EA3900B82201 /* BAActionSheetController.m */,
				AE887B7C1749EA3900B82201 /* BAActionSheetView.h */,
				AE887B7D1749EA3900B82201 /* BAActionSheetView.m */,
			);
			path = action_sheet;
			sourceTree = "<group>";
		};
		AE887B7E1749EA3900B82201 /* alert */ = {
			isa = PBXGroup;
			children = (
				AE887B7F1749EA3900B82201 /* BAAlert.xib */,
				AE887B801749EA3900B82201 /* BAAlertController.h */,
				AE887B811749EA3900B82201 /* BAAlertController.m */,
				AE887B821749EA3900B82201 /* BAAlertView.h */,
				AE887B831749EA3900B82201 /* BAAlertView.m */,
			);
			path = alert;
			sourceTree = "<group>";
		};
		AE887B841749EA3900B82201 /* bar_button_item */ = {
			isa = PBXGroup;
			children = (
				AE887B851749EA3900B82201 /* BABarButtonItem.xib */,
				AE887B861749EA3900B82201 /* BABarButtonItemController.h */,
				AE887B871749EA3900B82201 /* BABarButtonItemController.m */,
				AE887B881749EA3900B82201 /* BABarButtonItemView.h */,
				AE887B891749EA3900B82201 /* BABarButtonItemView.m */,
			);
			path = bar_button_item;
			sourceTree = "<group>";
		};
		AE887B8A1749EA3900B82201 /* button */ = {
			isa = PBXGroup;
			children = (
				AE887B8B1749EA3900B82201 /* BAButton.xib */,
				AE887B8C1749EA3900B82201 /* BAButtonController.h */,
				AE887B8D1749EA3900B82201 /* BAButtonController.m */,
				AE887B8E1749EA3900B82201 /* BAButtonView.h */,
				AE887B8F1749EA3900B82201 /* BAButtonView.m */,
			);
			path = button;
			sourceTree = "<group>";
		};
		AE887B901749EA3900B82201 /* initial */ = {
			isa = PBXGroup;
			children = (
				AE887B911749EA3900B82201 /* BAInitial.xib */,
				AE887B921749EA3900B82201 /* BAInitialController.h */,
				AE887B931749EA3900B82201 /* BAInitialController.m */,
				AE887B941749EA3900B82201 /* BAInitialView.h */,
				AE887B951749EA3900B82201 /* BAInitialView.m */,
			);
			path = initial;
			sourceTree = "<group>";
		};
		AE887B961749EA3900B82201 /* table_view_delegate */ = {
			isa = PBXGroup;
			children = (
				AE887B971749EA3900B82201 /* BATableViewDelegate.xib */,
				AE887B981749EA3900B82201 /* BATableViewDelegateController.h */,
				AE887B991749EA3900B82201 /* BATableViewDelegateController.m */,
				AE887B9A1749EA3900B82201 /* BATableViewDelegateView.h */,
				AE887B9B1749EA3900B82201 /* BATableViewDelegateView.m */,
			);
			path = table_view_delegate;
			sourceTree = "<group>";
		};
		AEA176A81755ADBC00C7DA44 /* block_adapter.library.ios.non_arc */ = {
			isa = PBXGroup;
			children = (
				AEA176AB1755ADBC00C7DA44 /* block_adapter_library_ios_non_arc.h */,
				AEA176AD1755ADBC00C7DA44 /* block_adapter_library_ios_non_arc.m */,
				AEA176A91755ADBC00C7DA44 /* Supporting Files */,
			);
			path = block_adapter.library.ios.non_arc;
			sourceTree = "<group>";
		};
		AEA176A91755ADBC00C7DA44 /* Supporting Files */ = {
			isa = PBXGroup;
			children = (
				AEA176AA1755ADBC00C7DA44 /* block_adapter.library.ios.non_arc-Prefix.pch */,
			);
			name = "Supporting Files";
			sourceTree = "<group>";
		};
		AEA176BF1755AEB500C7DA44 /* block_adapter.library.ios */ = {
			isa = PBXGroup;
			children = (
				AEA176C21755AEB500C7DA44 /* block_adapter_library_ios.h */,
				AEA176C41755AEB500C7DA44 /* block_adapter_library_ios.m */,
				AEA176C01755AEB500C7DA44 /* Supporting Files */,
			);
			path = block_adapter.library.ios;
			sourceTree = "<group>";
		};
		AEA176C01755AEB500C7DA44 /* Supporting Files */ = {
			isa = PBXGroup;
			children = (
				AEA176C11755AEB500C7DA44 /* block_adapter.library.ios-Prefix.pch */,
			);
			name = "Supporting Files";
			sourceTree = "<group>";
		};
		AEA176D11755AF5B00C7DA44 /* block_adapter.samples.ios */ = {
			isa = PBXGroup;
			children = (
				AEA176D21755AF5B00C7DA44 /* Supporting Files */,
			);
			path = block_adapter.samples.ios;
			sourceTree = "<group>";
		};
		AEA176D21755AF5B00C7DA44 /* Supporting Files */ = {
			isa = PBXGroup;
			children = (
				AEA176D31755AF5B00C7DA44 /* block_adapter.samples.ios-Info.plist */,
				AEA176D41755AF5B00C7DA44 /* InfoPlist.strings */,
				AEA176D91755AF5B00C7DA44 /* block_adapter.samples.ios-Prefix.pch */,
			);
			name = "Supporting Files";
			sourceTree = "<group>";
		};
		AEA1773C1755BA3900C7DA44 /* block_adapter.samples.ios.non_arc */ = {
			isa = PBXGroup;
			children = (
				AEA1773D1755BA3900C7DA44 /* Supporting Files */,
			);
			path = block_adapter.samples.ios.non_arc;
			sourceTree = "<group>";
		};
		AEA1773D1755BA3900C7DA44 /* Supporting Files */ = {
			isa = PBXGroup;
			children = (
				AEA1773E1755BA3900C7DA44 /* block_adapter.samples.ios.non_arc-Info.plist */,
				AEA1773F1755BA3900C7DA44 /* InfoPlist.strings */,
				AEA177441755BA3900C7DA44 /* block_adapter.samples.ios.non_arc-Prefix.pch */,
				AEA177481755BA3900C7DA44 /* Default.png */,
				AEA1774A1755BA3900C7DA44 /* Default@2x.png */,
				AEA1774C1755BA3900C7DA44 /* Default-568h@2x.png */,
			);
			name = "Supporting Files";
			sourceTree = "<group>";
		};
		AEA177681755BC9200C7DA44 /* picker */ = {
			isa = PBXGroup;
			children = (
				AEA177711755BE1100C7DA44 /* BAPicker.xib */,
				AEA177691755BD1C00C7DA44 /* BAPickerController.h */,
				AEA1776A1755BD1C00C7DA44 /* BAPickerController.m */,
				AEA1776D1755BD2B00C7DA44 /* BAPickerView.h */,
				AEA1776E1755BD2B00C7DA44 /* BAPickerView.m */,
			);
			path = picker;
			sourceTree = "<group>";
		};
/* End PBXGroup section */

/* Begin PBXNativeTarget section */
		AEA176A51755ADBC00C7DA44 /* block_adapter.library.ios.non_arc */ = {
			isa = PBXNativeTarget;
			buildConfigurationList = AEA176AF1755ADBC00C7DA44 /* Build configuration list for PBXNativeTarget "block_adapter.library.ios.non_arc" */;
			buildPhases = (
				AEA176A21755ADBC00C7DA44 /* Sources */,
				AEA176A31755ADBC00C7DA44 /* Frameworks */,
				AEA176A41755ADBC00C7DA44 /* CopyFiles */,
			);
			buildRules = (
			);
			dependencies = (
			);
			name = block_adapter.library.ios.non_arc;
			productName = block_adapter.library.ios.non_arc;
			productReference = AEA176A61755ADBC00C7DA44 /* libblock_adapter.library.ios.non_arc.a */;
			productType = "com.apple.product-type.library.static";
		};
		AEA176BC1755AEB400C7DA44 /* block_adapter.library.ios */ = {
			isa = PBXNativeTarget;
			buildConfigurationList = AEA176C61755AEB500C7DA44 /* Build configuration list for PBXNativeTarget "block_adapter.library.ios" */;
			buildPhases = (
				AEA176B91755AEB400C7DA44 /* Sources */,
				AEA176BA1755AEB400C7DA44 /* Frameworks */,
				AEA176BB1755AEB400C7DA44 /* CopyFiles */,
			);
			buildRules = (
			);
			dependencies = (
			);
			name = block_adapter.library.ios;
			productName = block_adapter.library.ios;
			productReference = AEA176BD1755AEB400C7DA44 /* libblock_adapter.library.ios.a */;
			productType = "com.apple.product-type.library.static";
		};
		AEA176CC1755AF5B00C7DA44 /* block_adapter.samples.ios */ = {
			isa = PBXNativeTarget;
			buildConfigurationList = AEA176DD1755AF5B00C7DA44 /* Build configuration list for PBXNativeTarget "block_adapter.samples.ios" */;
			buildPhases = (
				AEA176C91755AF5B00C7DA44 /* Sources */,
				AEA176CA1755AF5B00C7DA44 /* Frameworks */,
				AEA176CB1755AF5B00C7DA44 /* Resources */,
			);
			buildRules = (
			);
			dependencies = (
			);
			name = block_adapter.samples.ios;
			productName = block_adapter.samples.ios;
			productReference = AEA176CD1755AF5B00C7DA44 /* block_adapter.samples.ios.app */;
			productType = "com.apple.product-type.application";
		};
		AEA177371755BA3900C7DA44 /* block_adapter.samples.ios.non_arc */ = {
			isa = PBXNativeTarget;
			buildConfigurationList = AEA1774E1755BA3900C7DA44 /* Build configuration list for PBXNativeTarget "block_adapter.samples.ios.non_arc" */;
			buildPhases = (
				AEA177341755BA3900C7DA44 /* Sources */,
				AEA177351755BA3900C7DA44 /* Frameworks */,
				AEA177361755BA3900C7DA44 /* Resources */,
			);
			buildRules = (
			);
			dependencies = (
			);
			name = block_adapter.samples.ios.non_arc;
			productName = block_adapter.samples.ios.non_arc;
			productReference = AEA177381755BA3900C7DA44 /* block_adapter.samples.ios.non_arc.app */;
			productType = "com.apple.product-type.application";
		};
/* End PBXNativeTarget section */

/* Begin PBXProject section */
		AE7CBB921745BE5B000FCA37 /* Project object */ = {
			isa = PBXProject;
			attributes = {
				LastUpgradeCheck = 0460;
			};
			buildConfigurationList = AE7CBB951745BE5B000FCA37 /* Build configuration list for PBXProject "block_adapter" */;
			compatibilityVersion = "Xcode 3.2";
			developmentRegion = English;
			hasScannedForEncodings = 0;
			knownRegions = (
				en,
			);
			mainGroup = AE7CBB911745BE5B000FCA37;
			productRefGroup = AE7CBB9D1745BEE0000FCA37 /* Products */;
			projectDirPath = "";
			projectRoot = "";
			targets = (
				AEA176BC1755AEB400C7DA44 /* block_adapter.library.ios */,
				AEA176A51755ADBC00C7DA44 /* block_adapter.library.ios.non_arc */,
				AEA176CC1755AF5B00C7DA44 /* block_adapter.samples.ios */,
				AEA177371755BA3900C7DA44 /* block_adapter.samples.ios.non_arc */,
			);
		};
/* End PBXProject section */

/* Begin PBXResourcesBuildPhase section */
		AEA176CB1755AF5B00C7DA44 /* Resources */ = {
			isa = PBXResourcesBuildPhase;
			buildActionMask = 2147483647;
			files = (
				AEA176D61755AF5B00C7DA44 /* InfoPlist.strings in Resources */,
				AEA177161755B30500C7DA44 /* BAActionSheet.xib in Resources */,
				AEA177191755B5BA00C7DA44 /* BAAlert.xib in Resources */,
				AEA1771A1755B5C000C7DA44 /* BABarButtonItem.xib in Resources */,
				AEA1771B1755B5C500C7DA44 /* BAButton.xib in Resources */,
				AEA1771C1755B5CA00C7DA44 /* BAInitial.xib in Resources */,
				AEA1771D1755B5D000C7DA44 /* BATableViewDelegate.xib in Resources */,
				AEA177721755BE1100C7DA44 /* BAPicker.xib in Resources */,
			);
			runOnlyForDeploymentPostprocessing = 0;
		};
		AEA177361755BA3900C7DA44 /* Resources */ = {
			isa = PBXResourcesBuildPhase;
			buildActionMask = 2147483647;
			files = (
				AEA177411755BA3900C7DA44 /* InfoPlist.strings in Resources */,
				AEA177491755BA3900C7DA44 /* Default.png in Resources */,
				AEA1774B1755BA3900C7DA44 /* Default@2x.png in Resources */,
				AEA1774D1755BA3900C7DA44 /* Default-568h@2x.png in Resources */,
				AEA177531755BAB500C7DA44 /* BAActionSheet.xib in Resources */,
				AEA177561755BABC00C7DA44 /* BATableViewDelegate.xib in Resources */,
				AEA177591755BAC100C7DA44 /* BAInitial.xib in Resources */,
				AEA1775C1755BAC700C7DA44 /* BAButton.xib in Resources */,
				AEA1775F1755BAD800C7DA44 /* BABarButtonItem.xib in Resources */,
				AEA177621755BADE00C7DA44 /* BAAlert.xib in Resources */,
				AEA177731755BE1100C7DA44 /* BAPicker.xib in Resources */,
			);
			runOnlyForDeploymentPostprocessing = 0;
		};
/* End PBXResourcesBuildPhase section */

/* Begin PBXSourcesBuildPhase section */
		AEA176A21755ADBC00C7DA44 /* Sources */ = {
			isa = PBXSourcesBuildPhase;
			buildActionMask = 2147483647;
			files = (
				AEA176AE1755ADBC00C7DA44 /* block_adapter_library_ios_non_arc.m in Sources */,
				AEA176B21755ADC800C7DA44 /* BAAbstractAdapter.m in Sources */,
				AEA176B31755ADCB00C7DA44 /* BAActionSheetBlockAdapter.m in Sources */,
				AEA176B41755ADCD00C7DA44 /* BAAlertViewBlockAdapter.m in Sources */,
				AEA176B51755ADD100C7DA44 /* BABarButtonItemBlockAdapter.m in Sources */,
				AEA176B61755ADD500C7DA44 /* BAButtonBlockAdapter.m in Sources */,
				AEA176B71755ADD800C7DA44 /* BATabBarBlockAdapter.m in Sources */,
				AEA176B81755ADDA00C7DA44 /* BATableViewBlockAdapter.m in Sources */,
				AE85161D1755D573005514C0 /* BAPickerBlockAdapter.m in Sources */,
			);
			runOnlyForDeploymentPostprocessing = 0;
		};
		AEA176B91755AEB400C7DA44 /* Sources */ = {
			isa = PBXSourcesBuildPhase;
			buildActionMask = 2147483647;
			files = (
				AEA176C51755AEB500C7DA44 /* block_adapter_library_ios.m in Sources */,
				AEA177291755B71600C7DA44 /* BAAbstractAdapter.m in Sources */,
				AEA1772A1755B71900C7DA44 /* BAActionSheetBlockAdapter.m in Sources */,
				AEA1772B1755B71C00C7DA44 /* BAAlertViewBlockAdapter.m in Sources */,
				AEA1772C1755B71F00C7DA44 /* BABarButtonItemBlockAdapter.m in Sources */,
				AEA1772D1755B72400C7DA44 /* BAButtonBlockAdapter.m in Sources */,
				AEA1772E1755B72700C7DA44 /* BATabBarBlockAdapter.m in Sources */,
				AEA1772F1755B72A00C7DA44 /* BATableViewBlockAdapter.m in Sources */,
				AE85161C1755D573005514C0 /* BAPickerBlockAdapter.m in Sources */,
			);
			runOnlyForDeploymentPostprocessing = 0;
		};
		AEA176C91755AF5B00C7DA44 /* Sources */ = {
			isa = PBXSourcesBuildPhase;
			buildActionMask = 2147483647;
			files = (
				AEA177141755B2F900C7DA44 /* main.m in Sources */,
				AEA177151755B2FD00C7DA44 /* BASamplesAppDelegate.m in Sources */,
				AEA177171755B30800C7DA44 /* BAActionSheetController.m in Sources */,
				AEA177181755B30C00C7DA44 /* BAActionSheetView.m in Sources */,
				AEA1771E1755B5D600C7DA44 /* BAAlertController.m in Sources */,
				AEA1771F1755B5DA00C7DA44 /* BAAlertView.m in Sources */,
				AEA177201755B63300C7DA44 /* BABarButtonItemController.m in Sources */,
				AEA177211755B63700C7DA44 /* BABarButtonItemView.m in Sources */,
				AEA177221755B65400C7DA44 /* BAButtonController.m in Sources */,
				AEA177231755B65800C7DA44 /* BAButtonView.m in Sources */,
				AEA177241755B67300C7DA44 /* BAInitialController.m in Sources */,
				AEA177251755B67C00C7DA44 /* BAInitialView.m in Sources */,
				AEA177301755B78D00C7DA44 /* BATableViewDelegateController.m in Sources */,
				AEA177311755B78F00C7DA44 /* BATableViewDelegateView.m in Sources */,
				AEA1776B1755BD1C00C7DA44 /* BAPickerController.m in Sources */,
				AEA1776F1755BD2B00C7DA44 /* BAPickerView.m in Sources */,
			);
			runOnlyForDeploymentPostprocessing = 0;
		};
		AEA177341755BA3900C7DA44 /* Sources */ = {
			isa = PBXSourcesBuildPhase;
			buildActionMask = 2147483647;
			files = (
				AEA177511755BAAA00C7DA44 /* BASamplesAppDelegate.m in Sources */,
				AEA177521755BAAD00C7DA44 /* main.m in Sources */,
				AEA177541755BAB500C7DA44 /* BAActionSheetController.m in Sources */,
				AEA177551755BAB500C7DA44 /* BAActionSheetView.m in Sources */,
				AEA177571755BABC00C7DA44 /* BATableViewDelegateController.m in Sources */,
				AEA177581755BABC00C7DA44 /* BATableViewDelegateView.m in Sources */,
				AEA1775A1755BAC100C7DA44 /* BAInitialController.m in Sources */,
				AEA1775B1755BAC100C7DA44 /* BAInitialView.m in Sources */,
				AEA1775D1755BAC700C7DA44 /* BAButtonController.m in Sources */,
				AEA1775E1755BAC700C7DA44 /* BAButtonView.m in Sources */,
				AEA177601755BAD800C7DA44 /* BABarButtonItemController.m in Sources */,
				AEA177611755BAD800C7DA44 /* BABarButtonItemView.m in Sources */,
				AEA177631755BADE00C7DA44 /* BAAlertController.m in Sources */,
				AEA177641755BADE00C7DA44 /* BAAlertView.m in Sources */,
				AEA1776C1755BD1C00C7DA44 /* BAPickerController.m in Sources */,
				AEA177701755BD2B00C7DA44 /* BAPickerView.m in Sources */,
			);
			runOnlyForDeploymentPostprocessing = 0;
		};
/* End PBXSourcesBuildPhase section */

/* Begin PBXVariantGroup section */
		AEA176D41755AF5B00C7DA44 /* InfoPlist.strings */ = {
			isa = PBXVariantGroup;
			children = (
				AEA176D51755AF5B00C7DA44 /* en */,
			);
			name = InfoPlist.strings;
			sourceTree = "<group>";
		};
		AEA1773F1755BA3900C7DA44 /* InfoPlist.strings */ = {
			isa = PBXVariantGroup;
			children = (
				AEA177401755BA3900C7DA44 /* en */,
			);
			name = InfoPlist.strings;
			sourceTree = "<group>";
		};
/* End PBXVariantGroup section */

/* Begin XCBuildConfiguration section */
		AE7CBB961745BE5B000FCA37 /* Debug */ = {
			isa = XCBuildConfiguration;
			buildSettings = {
			};
			name = Debug;
		};
		AE7CBB971745BE5B000FCA37 /* Release */ = {
			isa = XCBuildConfiguration;
			buildSettings = {
			};
			name = Release;
		};
		AEA176B01755ADBC00C7DA44 /* Debug */ = {
			isa = XCBuildConfiguration;
			buildSettings = {
				ALWAYS_SEARCH_USER_PATHS = NO;
				CLANG_CXX_LANGUAGE_STANDARD = "gnu++0x";
				CLANG_CXX_LIBRARY = "libc++";
				CLANG_WARN_CONSTANT_CONVERSION = YES;
				CLANG_WARN_EMPTY_BODY = YES;
				CLANG_WARN_ENUM_CONVERSION = YES;
				CLANG_WARN_INT_CONVERSION = YES;
				CLANG_WARN__DUPLICATE_METHOD_MATCH = YES;
				COPY_PHASE_STRIP = NO;
				DSTROOT = /tmp/block_adapter_library_ios_non_arc.dst;
				FRAMEWORK_SEARCH_PATHS = (
					"$(inherited)",
					"\"$(SYSTEM_APPS_DIR)/Xcode.app/Contents/Developer/Library/Frameworks\"",
				);
				GCC_C_LANGUAGE_STANDARD = gnu99;
				GCC_DYNAMIC_NO_PIC = NO;
				GCC_OPTIMIZATION_LEVEL = 0;
				GCC_PRECOMPILE_PREFIX_HEADER = YES;
				GCC_PREFIX_HEADER = "block_adapter.library.ios.non_arc/block_adapter.library.ios.non_arc-Prefix.pch";
				GCC_PREPROCESSOR_DEFINITIONS = (
					"DEBUG=1",
					"$(inherited)",
				);
				GCC_SYMBOLS_PRIVATE_EXTERN = NO;
				GCC_WARN_ABOUT_RETURN_TYPE = YES;
				GCC_WARN_UNINITIALIZED_AUTOS = YES;
				GCC_WARN_UNUSED_VARIABLE = YES;
				IPHONEOS_DEPLOYMENT_TARGET = 4.3;
				ONLY_ACTIVE_ARCH = YES;
				OTHER_LDFLAGS = "-ObjC";
				PRODUCT_NAME = "$(TARGET_NAME)";
				SDKROOT = iphoneos;
				SKIP_INSTALL = YES;
				USER_HEADER_SEARCH_PATHS = "user-headers/**";
			};
			name = Debug;
		};
		AEA176B11755ADBC00C7DA44 /* Release */ = {
			isa = XCBuildConfiguration;
			buildSettings = {
				ALWAYS_SEARCH_USER_PATHS = NO;
				CLANG_CXX_LANGUAGE_STANDARD = "gnu++0x";
				CLANG_CXX_LIBRARY = "libc++";
				CLANG_WARN_CONSTANT_CONVERSION = YES;
				CLANG_WARN_EMPTY_BODY = YES;
				CLANG_WARN_ENUM_CONVERSION = YES;
				CLANG_WARN_INT_CONVERSION = YES;
				CLANG_WARN__DUPLICATE_METHOD_MATCH = YES;
				COPY_PHASE_STRIP = YES;
				DSTROOT = /tmp/block_adapter_library_ios_non_arc.dst;
				FRAMEWORK_SEARCH_PATHS = (
					"$(inherited)",
					"\"$(SYSTEM_APPS_DIR)/Xcode.app/Contents/Developer/Library/Frameworks\"",
				);
				GCC_C_LANGUAGE_STANDARD = gnu99;
				GCC_PRECOMPILE_PREFIX_HEADER = YES;
				GCC_PREFIX_HEADER = "block_adapter.library.ios.non_arc/block_adapter.library.ios.non_arc-Prefix.pch";
				GCC_WARN_ABOUT_RETURN_TYPE = YES;
				GCC_WARN_UNINITIALIZED_AUTOS = YES;
				GCC_WARN_UNUSED_VARIABLE = YES;
				IPHONEOS_DEPLOYMENT_TARGET = 4.3;
				OTHER_LDFLAGS = "-ObjC";
				PRODUCT_NAME = "$(TARGET_NAME)";
				SDKROOT = iphoneos;
				SKIP_INSTALL = YES;
				USER_HEADER_SEARCH_PATHS = "user-headers/**";
				VALIDATE_PRODUCT = YES;
			};
			name = Release;
		};
		AEA176C71755AEB500C7DA44 /* Debug */ = {
			isa = XCBuildConfiguration;
			buildSettings = {
				ALWAYS_SEARCH_USER_PATHS = NO;
				CLANG_CXX_LANGUAGE_STANDARD = "gnu++0x";
				CLANG_CXX_LIBRARY = "libc++";
				CLANG_ENABLE_OBJC_ARC = YES;
				CLANG_WARN_CONSTANT_CONVERSION = YES;
				CLANG_WARN_EMPTY_BODY = YES;
				CLANG_WARN_ENUM_CONVERSION = YES;
				CLANG_WARN_INT_CONVERSION = YES;
				CLANG_WARN__DUPLICATE_METHOD_MATCH = YES;
				COPY_PHASE_STRIP = NO;
				DSTROOT = /tmp/block_adapter_library_ios.dst;
				FRAMEWORK_SEARCH_PATHS = (
					"$(inherited)",
					"\"$(SYSTEM_APPS_DIR)/Xcode.app/Contents/Developer/Library/Frameworks\"",
				);
				GCC_C_LANGUAGE_STANDARD = gnu99;
				GCC_DYNAMIC_NO_PIC = NO;
				GCC_OPTIMIZATION_LEVEL = 0;
				GCC_PRECOMPILE_PREFIX_HEADER = YES;
				GCC_PREFIX_HEADER = "block_adapter.library.ios/block_adapter.library.ios-Prefix.pch";
				GCC_PREPROCESSOR_DEFINITIONS = (
					"DEBUG=1",
					"$(inherited)",
				);
				GCC_SYMBOLS_PRIVATE_EXTERN = NO;
				GCC_WARN_ABOUT_RETURN_TYPE = YES;
				GCC_WARN_UNINITIALIZED_AUTOS = YES;
				GCC_WARN_UNUSED_VARIABLE = YES;
				IPHONEOS_DEPLOYMENT_TARGET = 4.3;
				ONLY_ACTIVE_ARCH = YES;
				OTHER_LDFLAGS = "-ObjC";
				PRODUCT_NAME = "$(TARGET_NAME)";
				SDKROOT = iphoneos;
				SKIP_INSTALL = YES;
				USER_HEADER_SEARCH_PATHS = "user-headers/**";
			};
			name = Debug;
		};
		AEA176C81755AEB500C7DA44 /* Release */ = {
			isa = XCBuildConfiguration;
			buildSettings = {
				ALWAYS_SEARCH_USER_PATHS = NO;
				CLANG_CXX_LANGUAGE_STANDARD = "gnu++0x";
				CLANG_CXX_LIBRARY = "libc++";
				CLANG_ENABLE_OBJC_ARC = YES;
				CLANG_WARN_CONSTANT_CONVERSION = YES;
				CLANG_WARN_EMPTY_BODY = YES;
				CLANG_WARN_ENUM_CONVERSION = YES;
				CLANG_WARN_INT_CONVERSION = YES;
				CLANG_WARN__DUPLICATE_METHOD_MATCH = YES;
				COPY_PHASE_STRIP = YES;
				DSTROOT = /tmp/block_adapter_library_ios.dst;
				FRAMEWORK_SEARCH_PATHS = (
					"$(inherited)",
					"\"$(SYSTEM_APPS_DIR)/Xcode.app/Contents/Developer/Library/Frameworks\"",
				);
				GCC_C_LANGUAGE_STANDARD = gnu99;
				GCC_PRECOMPILE_PREFIX_HEADER = YES;
				GCC_PREFIX_HEADER = "block_adapter.library.ios/block_adapter.library.ios-Prefix.pch";
				GCC_WARN_ABOUT_RETURN_TYPE = YES;
				GCC_WARN_UNINITIALIZED_AUTOS = YES;
				GCC_WARN_UNUSED_VARIABLE = YES;
				IPHONEOS_DEPLOYMENT_TARGET = 4.3;
				OTHER_LDFLAGS = "-ObjC";
				PRODUCT_NAME = "$(TARGET_NAME)";
				SDKROOT = iphoneos;
				SKIP_INSTALL = YES;
				USER_HEADER_SEARCH_PATHS = "user-headers/**";
				VALIDATE_PRODUCT = YES;
			};
			name = Release;
		};
		AEA176DE1755AF5B00C7DA44 /* Debug */ = {
			isa = XCBuildConfiguration;
			buildSettings = {
				ALWAYS_SEARCH_USER_PATHS = NO;
				CLANG_CXX_LANGUAGE_STANDARD = "gnu++0x";
				CLANG_CXX_LIBRARY = "libc++";
				CLANG_ENABLE_OBJC_ARC = YES;
				CLANG_WARN_CONSTANT_CONVERSION = YES;
				CLANG_WARN_EMPTY_BODY = YES;
				CLANG_WARN_ENUM_CONVERSION = YES;
				CLANG_WARN_INT_CONVERSION = YES;
				CLANG_WARN__DUPLICATE_METHOD_MATCH = YES;
				"CODE_SIGN_IDENTITY[sdk=iphoneos*]" = "iPhone Developer";
				COPY_PHASE_STRIP = NO;
				FRAMEWORK_SEARCH_PATHS = (
					"$(inherited)",
					"\"$(SYSTEM_APPS_DIR)/Xcode.app/Contents/Developer/Library/Frameworks\"",
				);
				GCC_C_LANGUAGE_STANDARD = gnu99;
				GCC_DYNAMIC_NO_PIC = NO;
				GCC_OPTIMIZATION_LEVEL = 0;
				GCC_PRECOMPILE_PREFIX_HEADER = YES;
				GCC_PREFIX_HEADER = "block_adapter.samples.ios/block_adapter.samples.ios-Prefix.pch";
				GCC_PREPROCESSOR_DEFINITIONS = (
					"DEBUG=1",
					"$(inherited)",
				);
				GCC_SYMBOLS_PRIVATE_EXTERN = NO;
				GCC_WARN_ABOUT_RETURN_TYPE = YES;
				GCC_WARN_UNINITIALIZED_AUTOS = YES;
				GCC_WARN_UNUSED_VARIABLE = YES;
				INFOPLIST_FILE = "block_adapter.samples.ios/block_adapter.samples.ios-Info.plist";
				IPHONEOS_DEPLOYMENT_TARGET = 4.3;
				ONLY_ACTIVE_ARCH = YES;
				PRODUCT_NAME = "$(TARGET_NAME)";
				SDKROOT = iphoneos;
				TARGETED_DEVICE_FAMILY = "1,2";
				USER_HEADER_SEARCH_PATHS = "user-headers/**";
				WRAPPER_EXTENSION = app;
			};
			name = Debug;
		};
		AEA176DF1755AF5B00C7DA44 /* Release */ = {
			isa = XCBuildConfiguration;
			buildSettings = {
				ALWAYS_SEARCH_USER_PATHS = NO;
				CLANG_CXX_LANGUAGE_STANDARD = "gnu++0x";
				CLANG_CXX_LIBRARY = "libc++";
				CLANG_ENABLE_OBJC_ARC = YES;
				CLANG_WARN_CONSTANT_CONVERSION = YES;
				CLANG_WARN_EMPTY_BODY = YES;
				CLANG_WARN_ENUM_CONVERSION = YES;
				CLANG_WARN_INT_CONVERSION = YES;
				CLANG_WARN__DUPLICATE_METHOD_MATCH = YES;
				"CODE_SIGN_IDENTITY[sdk=iphoneos*]" = "iPhone Developer";
				COPY_PHASE_STRIP = YES;
				FRAMEWORK_SEARCH_PATHS = (
					"$(inherited)",
					"\"$(SYSTEM_APPS_DIR)/Xcode.app/Contents/Developer/Library/Frameworks\"",
				);
				GCC_C_LANGUAGE_STANDARD = gnu99;
				GCC_PRECOMPILE_PREFIX_HEADER = YES;
				GCC_PREFIX_HEADER = "block_adapter.samples.ios/block_adapter.samples.ios-Prefix.pch";
				GCC_WARN_ABOUT_RETURN_TYPE = YES;
				GCC_WARN_UNINITIALIZED_AUTOS = YES;
				GCC_WARN_UNUSED_VARIABLE = YES;
				INFOPLIST_FILE = "block_adapter.samples.ios/block_adapter.samples.ios-Info.plist";
				IPHONEOS_DEPLOYMENT_TARGET = 4.3;
				OTHER_CFLAGS = "-DNS_BLOCK_ASSERTIONS=1";
				PRODUCT_NAME = "$(TARGET_NAME)";
				SDKROOT = iphoneos;
				TARGETED_DEVICE_FAMILY = "1,2";
				USER_HEADER_SEARCH_PATHS = "user-headers/**";
				VALIDATE_PRODUCT = YES;
				WRAPPER_EXTENSION = app;
			};
			name = Release;
		};
		AEA1774F1755BA3900C7DA44 /* Debug */ = {
			isa = XCBuildConfiguration;
			buildSettings = {
				ALWAYS_SEARCH_USER_PATHS = NO;
				CLANG_CXX_LANGUAGE_STANDARD = "gnu++0x";
				CLANG_CXX_LIBRARY = "libc++";
				CLANG_WARN_CONSTANT_CONVERSION = YES;
				CLANG_WARN_EMPTY_BODY = YES;
				CLANG_WARN_ENUM_CONVERSION = YES;
				CLANG_WARN_INT_CONVERSION = YES;
				CLANG_WARN__DUPLICATE_METHOD_MATCH = YES;
				"CODE_SIGN_IDENTITY[sdk=iphoneos*]" = "iPhone Developer";
				COPY_PHASE_STRIP = NO;
				FRAMEWORK_SEARCH_PATHS = (
					"$(inherited)",
					"\"$(SYSTEM_APPS_DIR)/Xcode.app/Contents/Developer/Library/Frameworks\"",
				);
				GCC_C_LANGUAGE_STANDARD = gnu99;
				GCC_DYNAMIC_NO_PIC = NO;
				GCC_OPTIMIZATION_LEVEL = 0;
				GCC_PRECOMPILE_PREFIX_HEADER = YES;
				GCC_PREFIX_HEADER = "block_adapter.samples.ios.non_arc/block_adapter.samples.ios.non_arc-Prefix.pch";
				GCC_PREPROCESSOR_DEFINITIONS = (
					"DEBUG=1",
					"$(inherited)",
				);
				GCC_SYMBOLS_PRIVATE_EXTERN = NO;
				GCC_WARN_ABOUT_RETURN_TYPE = YES;
				GCC_WARN_UNINITIALIZED_AUTOS = YES;
				GCC_WARN_UNUSED_VARIABLE = YES;
				INFOPLIST_FILE = "block_adapter.samples.ios.non_arc/block_adapter.samples.ios.non_arc-Info.plist";
				IPHONEOS_DEPLOYMENT_TARGET = 4.3;
				ONLY_ACTIVE_ARCH = YES;
				PRODUCT_NAME = "$(TARGET_NAME)";
				SDKROOT = iphoneos;
				TARGETED_DEVICE_FAMILY = "1,2";
				USER_HEADER_SEARCH_PATHS = "user-headers/**";
				WRAPPER_EXTENSION = app;
			};
			name = Debug;
		};
		AEA177501755BA3900C7DA44 /* Release */ = {
			isa = XCBuildConfiguration;
			buildSettings = {
				ALWAYS_SEARCH_USER_PATHS = NO;
				CLANG_CXX_LANGUAGE_STANDARD = "gnu++0x";
				CLANG_CXX_LIBRARY = "libc++";
				CLANG_WARN_CONSTANT_CONVERSION = YES;
				CLANG_WARN_EMPTY_BODY = YES;
				CLANG_WARN_ENUM_CONVERSION = YES;
				CLANG_WARN_INT_CONVERSION = YES;
				CLANG_WARN__DUPLICATE_METHOD_MATCH = YES;
				"CODE_SIGN_IDENTITY[sdk=iphoneos*]" = "iPhone Developer";
				COPY_PHASE_STRIP = YES;
				FRAMEWORK_SEARCH_PATHS = (
					"$(inherited)",
					"\"$(SYSTEM_APPS_DIR)/Xcode.app/Contents/Developer/Library/Frameworks\"",
				);
				GCC_C_LANGUAGE_STANDARD = gnu99;
				GCC_PRECOMPILE_PREFIX_HEADER = YES;
				GCC_PREFIX_HEADER = "block_adapter.samples.ios.non_arc/block_adapter.samples.ios.non_arc-Prefix.pch";
				GCC_WARN_ABOUT_RETURN_TYPE = YES;
				GCC_WARN_UNINITIALIZED_AUTOS = YES;
				GCC_WARN_UNUSED_VARIABLE = YES;
				INFOPLIST_FILE = "block_adapter.samples.ios.non_arc/block_adapter.samples.ios.non_arc-Info.plist";
				IPHONEOS_DEPLOYMENT_TARGET = 4.3;
				OTHER_CFLAGS = "-DNS_BLOCK_ASSERTIONS=1";
				PRODUCT_NAME = "$(TARGET_NAME)";
				SDKROOT = iphoneos;
				TARGETED_DEVICE_FAMILY = "1,2";
				USER_HEADER_SEARCH_PATHS = "user-headers/**";
				VALIDATE_PRODUCT = YES;
				WRAPPER_EXTENSION = app;
			};
			name = Release;
		};
/* End XCBuildConfiguration section */

/* Begin XCConfigurationList section */
		AE7CBB951745BE5B000FCA37 /* Build configuration list for PBXProject "block_adapter" */ = {
			isa = XCConfigurationList;
			buildConfigurations = (
				AE7CBB961745BE5B000FCA37 /* Debug */,
				AE7CBB971745BE5B000FCA37 /* Release */,
			);
			defaultConfigurationIsVisible = 0;
			defaultConfigurationName = Release;
		};
		AEA176AF1755ADBC00C7DA44 /* Build configuration list for PBXNativeTarget "block_adapter.library.ios.non_arc" */ = {
			isa = XCConfigurationList;
			buildConfigurations = (
				AEA176B01755ADBC00C7DA44 /* Debug */,
				AEA176B11755ADBC00C7DA44 /* Release */,
			);
			defaultConfigurationIsVisible = 0;
			defaultConfigurationName = Release;
		};
		AEA176C61755AEB500C7DA44 /* Build configuration list for PBXNativeTarget "block_adapter.library.ios" */ = {
			isa = XCConfigurationList;
			buildConfigurations = (
				AEA176C71755AEB500C7DA44 /* Debug */,
				AEA176C81755AEB500C7DA44 /* Release */,
			);
			defaultConfigurationIsVisible = 0;
			defaultConfigurationName = Release;
		};
		AEA176DD1755AF5B00C7DA44 /* Build configuration list for PBXNativeTarget "block_adapter.samples.ios" */ = {
			isa = XCConfigurationList;
			buildConfigurations = (
				AEA176DE1755AF5B00C7DA44 /* Debug */,
				AEA176DF1755AF5B00C7DA44 /* Release */,
			);
			defaultConfigurationIsVisible = 0;
			defaultConfigurationName = Release;
		};
		AEA1774E1755BA3900C7DA44 /* Build configuration list for PBXNativeTarget "block_adapter.samples.ios.non_arc" */ = {
			isa = XCConfigurationList;
			buildConfigurations = (
				AEA1774F1755BA3900C7DA44 /* Debug */,
				AEA177501755BA3900C7DA44 /* Release */,
			);
			defaultConfigurationIsVisible = 0;
			defaultConfigurationName = Release;
		};
/* End XCConfigurationList section */
	};
	rootObject = AE7CBB921745BE5B000FCA37 /* Project object */;
}
